# THIS IS AN AUTOGENERATED FILE. DO NOT EDIT THIS FILE DIRECTLY.
# yarn lockfile v1


"@rails/actioncable@^8.0.0":
  version "8.0.0"
  resolved "https://registry.yarnpkg.com/@rails/actioncable/-/actioncable-8.0.0.tgz#b12d87d4c2bb152c4445e2c168df93b585068e7c"
  integrity sha512-9IXyJeaBggOzlD3pF4/yWELdyUWZm/KTyKBRqxNf9laLBXPqxJt3t6fO+X4s0WajMR8cIhzkxvq1gxsXVbn3LA==
